
Microsoft Visual Studio Solution File, Format Version 12.00
# Visual Studio Version 17
VisualStudioVersion = 17.0.31903.59
MinimumVisualStudioVersion = 10.0.40219.1
Project("{FAE04EC0-301F-11D3-BF4B-00C04F79EFBC}") = "HurryUpHaul.Contracts", "HurryUpHaul.Contracts\HurryUpHaul.Contracts.csproj", "{99BEE3FB-ABF8-43D8-89A9-2894048A0575}"
EndProject
Project("{FAE04EC0-301F-11D3-BF4B-00C04F79EFBC}") = "HurryUpHaul.Domain", "HurryUpHaul.Domain\HurryUpHaul.Domain.csproj", "{07E440FA-5F88-4880-A713-6019B69B29F9}"
EndProject
Project("{FAE04EC0-301F-11D3-BF4B-00C04F79EFBC}") = "HurryUpHaul.Api", "HurryUpHaul.Api\HurryUpHaul.Api.csproj", "{A005F6C5-0898-4D66-8B91-FA6441D459E7}"
EndProject
Project("{FAE04EC0-301F-11D3-BF4B-00C04F79EFBC}") = "HurryUpHaul.IntegrationTests", "HurryUpHaul.IntegrationTests\HurryUpHaul.IntegrationTests.csproj", "{1DEC193A-1B41-4BD3-A36F-A8FB1C243767}"
EndProject
Project("{FAE04EC0-301F-11D3-BF4B-00C04F79EFBC}") = "HurryUpHaul.UnitTests", "HurryUpHaul.UnitTests\HurryUpHaul.UnitTests.csproj", "{2F90C4CD-BD19-482A-A5AB-4CD30013A0BA}"
EndProject
Global
	GlobalSection(SolutionConfigurationPlatforms) = preSolution
		Debug|Any CPU = Debug|Any CPU
		Release|Any CPU = Release|Any CPU
	EndGlobalSection
	GlobalSection(SolutionProperties) = preSolution
		HideSolutionNode = FALSE
	EndGlobalSection
	GlobalSection(ProjectConfigurationPlatforms) = postSolution
		{99BEE3FB-ABF8-43D8-89A9-2894048A0575}.Debug|Any CPU.ActiveCfg = Debug|Any CPU
		{99BEE3FB-ABF8-43D8-89A9-2894048A0575}.Debug|Any CPU.Build.0 = Debug|Any CPU
		{99BEE3FB-ABF8-43D8-89A9-2894048A0575}.Release|Any CPU.ActiveCfg = Release|Any CPU
		{99BEE3FB-ABF8-43D8-89A9-2894048A0575}.Release|Any CPU.Build.0 = Release|Any CPU
		{07E440FA-5F88-4880-A713-6019B69B29F9}.Debug|Any CPU.ActiveCfg = Debug|Any CPU
		{07E440FA-5F88-4880-A713-6019B69B29F9}.Debug|Any CPU.Build.0 = Debug|Any CPU
		{07E440FA-5F88-4880-A713-6019B69B29F9}.Release|Any CPU.ActiveCfg = Release|Any CPU
		{07E440FA-5F88-4880-A713-6019B69B29F9}.Release|Any CPU.Build.0 = Release|Any CPU
		{A005F6C5-0898-4D66-8B91-FA6441D459E7}.Debug|Any CPU.ActiveCfg = Debug|Any CPU
		{A005F6C5-0898-4D66-8B91-FA6441D459E7}.Debug|Any CPU.Build.0 = Debug|Any CPU
		{A005F6C5-0898-4D66-8B91-FA6441D459E7}.Release|Any CPU.ActiveCfg = Release|Any CPU
		{A005F6C5-0898-4D66-8B91-FA6441D459E7}.Release|Any CPU.Build.0 = Release|Any CPU
		{1DEC193A-1B41-4BD3-A36F-A8FB1C243767}.Debug|Any CPU.ActiveCfg = Debug|Any CPU
		{1DEC193A-1B41-4BD3-A36F-A8FB1C243767}.Debug|Any CPU.Build.0 = Debug|Any CPU
		{1DEC193A-1B41-4BD3-A36F-A8FB1C243767}.Release|Any CPU.ActiveCfg = Release|Any CPU
		{1DEC193A-1B41-4BD3-A36F-A8FB1C243767}.Release|Any CPU.Build.0 = Release|Any CPU
		{2F90C4CD-BD19-482A-A5AB-4CD30013A0BA}.Debug|Any CPU.ActiveCfg = Debug|Any CPU
		{2F90C4CD-BD19-482A-A5AB-4CD30013A0BA}.Debug|Any CPU.Build.0 = Debug|Any CPU
		{2F90C4CD-BD19-482A-A5AB-4CD30013A0BA}.Release|Any CPU.ActiveCfg = Release|Any CPU
		{2F90C4CD-BD19-482A-A5AB-4CD30013A0BA}.Release|Any CPU.Build.0 = Release|Any CPU
	EndGlobalSection
EndGlobal
